// !$*UTF8*$!
{
	archiveVersion = 1;
	classes = {
	};
	objectVersion = 56;
	objects = {

/* Begin PBXBuildFile section */
		6217A29E2B5D8FCD004617D7 /* AppDelegate.swift in Sources */ = {isa = PBXBuildFile; fileRef = 6217A29D2B5D8FCD004617D7 /* AppDelegate.swift */; };
		6217A2A02B5D8FCD004617D7 /* ContentView.swift in Sources */ = {isa = PBXBuildFile; fileRef = 6217A29F2B5D8FCD004617D7 /* ContentView.swift */; };
		6217A2A22B5D8FCF004617D7 /* Assets.xcassets in Resources */ = {isa = PBXBuildFile; fileRef = 6217A2A12B5D8FCF004617D7 /* Assets.xcassets */; };
		6217A2A52B5D8FCF004617D7 /* Preview Assets.xcassets in Resources */ = {isa = PBXBuildFile; fileRef = 6217A2A42B5D8FCF004617D7 /* Preview Assets.xcassets */; };
		6221B8462B7F0A1B00604296 /* GoogleService-Info.plist in Resources */ = {isa = PBXBuildFile; fileRef = 6221B8452B7F0A1B00604296 /* GoogleService-Info.plist */; };
		6221B8492B7F0F4E00604296 /* FirebaseAnalytics in Frameworks */ = {isa = PBXBuildFile; productRef = 6221B8482B7F0F4E00604296 /* FirebaseAnalytics */; };
		6221B84B2B7F0F4E00604296 /* FirebaseAnalyticsOnDeviceConversion in Frameworks */ = {isa = PBXBuildFile; productRef = 6221B84A2B7F0F4E00604296 /* FirebaseAnalyticsOnDeviceConversion */; };
		6221B84D2B7F0F4E00604296 /* FirebaseAnalyticsSwift in Frameworks */ = {isa = PBXBuildFile; productRef = 6221B84C2B7F0F4E00604296 /* FirebaseAnalyticsSwift */; };
		6221B84F2B7F0F4E00604296 /* FirebaseAnalyticsWithoutAdIdSupport in Frameworks */ = {isa = PBXBuildFile; productRef = 6221B84E2B7F0F4E00604296 /* FirebaseAnalyticsWithoutAdIdSupport */; };
		6221B8512B7F0F4E00604296 /* FirebaseAppCheck in Frameworks */ = {isa = PBXBuildFile; productRef = 6221B8502B7F0F4E00604296 /* FirebaseAppCheck */; };
		6221B8532B7F0F4E00604296 /* FirebaseAppDistribution-Beta in Frameworks */ = {isa = PBXBuildFile; productRef = 6221B8522B7F0F4E00604296 /* FirebaseAppDistribution-Beta */; };
		6221B8552B7F0F4E00604296 /* FirebaseAuth in Frameworks */ = {isa = PBXBuildFile; productRef = 6221B8542B7F0F4E00604296 /* FirebaseAuth */; };
		6221B8572B7F0F4E00604296 /* FirebaseAuthCombine-Community in Frameworks */ = {isa = PBXBuildFile; productRef = 6221B8562B7F0F4E00604296 /* FirebaseAuthCombine-Community */; };
		6221B8592B7F0F4E00604296 /* FirebaseCrashlytics in Frameworks */ = {isa = PBXBuildFile; productRef = 6221B8582B7F0F4E00604296 /* FirebaseCrashlytics */; };
		6221B85B2B7F0F4E00604296 /* FirebaseDatabase in Frameworks */ = {isa = PBXBuildFile; productRef = 6221B85A2B7F0F4E00604296 /* FirebaseDatabase */; };
		6221B85D2B7F0F4E00604296 /* FirebaseDatabaseSwift in Frameworks */ = {isa = PBXBuildFile; productRef = 6221B85C2B7F0F4E00604296 /* FirebaseDatabaseSwift */; };
		6221B85F2B7F0F4E00604296 /* FirebaseDynamicLinks in Frameworks */ = {isa = PBXBuildFile; productRef = 6221B85E2B7F0F4E00604296 /* FirebaseDynamicLinks */; };
		6221B8612B7F0F4E00604296 /* FirebaseFirestore in Frameworks */ = {isa = PBXBuildFile; productRef = 6221B8602B7F0F4E00604296 /* FirebaseFirestore */; };
		6221B8632B7F0F4E00604296 /* FirebaseFirestoreCombine-Community in Frameworks */ = {isa = PBXBuildFile; productRef = 6221B8622B7F0F4E00604296 /* FirebaseFirestoreCombine-Community */; };
		6221B8652B7F0F4E00604296 /* FirebaseFirestoreSwift in Frameworks */ = {isa = PBXBuildFile; productRef = 6221B8642B7F0F4E00604296 /* FirebaseFirestoreSwift */; };
		6221B8672B7F0F4E00604296 /* FirebaseFunctions in Frameworks */ = {isa = PBXBuildFile; productRef = 6221B8662B7F0F4E00604296 /* FirebaseFunctions */; };
		6221B8692B7F0F4E00604296 /* FirebaseFunctionsCombine-Community in Frameworks */ = {isa = PBXBuildFile; productRef = 6221B8682B7F0F4E00604296 /* FirebaseFunctionsCombine-Community */; };
		6221B86B2B7F0F4E00604296 /* FirebaseInAppMessaging-Beta in Frameworks */ = {isa = PBXBuildFile; productRef = 6221B86A2B7F0F4E00604296 /* FirebaseInAppMessaging-Beta */; };
		6221B86D2B7F0F4E00604296 /* FirebaseInAppMessagingSwift-Beta in Frameworks */ = {isa = PBXBuildFile; productRef = 6221B86C2B7F0F4E00604296 /* FirebaseInAppMessagingSwift-Beta */; };
		6221B86F2B7F0F4E00604296 /* FirebaseInstallations in Frameworks */ = {isa = PBXBuildFile; productRef = 6221B86E2B7F0F4E00604296 /* FirebaseInstallations */; };
		6221B8712B7F0F4E00604296 /* FirebaseMLModelDownloader in Frameworks */ = {isa = PBXBuildFile; productRef = 6221B8702B7F0F4E00604296 /* FirebaseMLModelDownloader */; };
		6221B8732B7F0F4E00604296 /* FirebaseMessaging in Frameworks */ = {isa = PBXBuildFile; productRef = 6221B8722B7F0F4E00604296 /* FirebaseMessaging */; };
		6221B8752B7F0F4E00604296 /* FirebasePerformance in Frameworks */ = {isa = PBXBuildFile; productRef = 6221B8742B7F0F4E00604296 /* FirebasePerformance */; };
		6221B8772B7F0F4E00604296 /* FirebaseRemoteConfig in Frameworks */ = {isa = PBXBuildFile; productRef = 6221B8762B7F0F4E00604296 /* FirebaseRemoteConfig */; };
		6221B8792B7F0F4E00604296 /* FirebaseRemoteConfigSwift in Frameworks */ = {isa = PBXBuildFile; productRef = 6221B8782B7F0F4E00604296 /* FirebaseRemoteConfigSwift */; };
		6221B87B2B7F0F4E00604296 /* FirebaseStorage in Frameworks */ = {isa = PBXBuildFile; productRef = 6221B87A2B7F0F4E00604296 /* FirebaseStorage */; };
		6221B87D2B7F0F4E00604296 /* FirebaseStorageCombine-Community in Frameworks */ = {isa = PBXBuildFile; productRef = 6221B87C2B7F0F4E00604296 /* FirebaseStorageCombine-Community */; };
		6221B87F2B7F11DE00604296 /* SignUp.swift in Sources */ = {isa = PBXBuildFile; fileRef = 6221B87E2B7F11DE00604296 /* SignUp.swift */; };
		6221B8822B7FE6E700604296 /* AuthenticationView.swift in Sources */ = {isa = PBXBuildFile; fileRef = 6221B8812B7FE6E700604296 /* AuthenticationView.swift */; };
		6221B8842B7FEB6500604296 /* AuthenticationManager.swift in Sources */ = {isa = PBXBuildFile; fileRef = 6221B8832B7FEB6500604296 /* AuthenticationManager.swift */; };
		6221B8862B87E9E200604296 /* SettingsView.swift in Sources */ = {isa = PBXBuildFile; fileRef = 6221B8852B87E9E200604296 /* SettingsView.swift */; };
		6221B8882B89308600604296 /* SignInWithEmailView.swift in Sources */ = {isa = PBXBuildFile; fileRef = 6221B8872B89308600604296 /* SignInWithEmailView.swift */; };
		627867392B7179A7006B1960 /* ImagePicker.swift in Sources */ = {isa = PBXBuildFile; fileRef = 627867382B7179A7006B1960 /* ImagePicker.swift */; };
		627AC0F32B6AE6D40043AB35 /* MemoryModel.swift in Sources */ = {isa = PBXBuildFile; fileRef = 627AC0F22B6AE6D40043AB35 /* MemoryModel.swift */; };
		627AC0F82B6C37DC0043AB35 /* MemoryViewModel.swift in Sources */ = {isa = PBXBuildFile; fileRef = 627AC0F72B6C37DC0043AB35 /* MemoryViewModel.swift */; };
		627AC0FA2B6C4A620043AB35 /* AudioManager.swift in Sources */ = {isa = PBXBuildFile; fileRef = 627AC0F92B6C4A620043AB35 /* AudioManager.swift */; };
		62A253A92B62E4FE00EB67C2 /* CreateMemoriaView.swift in Sources */ = {isa = PBXBuildFile; fileRef = 62A253A82B62E4FE00EB67C2 /* CreateMemoriaView.swift */; };
		62A253AB2B62E50600EB67C2 /* RecordingModel.swift in Sources */ = {isa = PBXBuildFile; fileRef = 62A253AA2B62E50600EB67C2 /* RecordingModel.swift */; };
		62A253AD2B62E51F00EB67C2 /* RecordingViewModel.swift in Sources */ = {isa = PBXBuildFile; fileRef = 62A253AC2B62E51F00EB67C2 /* RecordingViewModel.swift */; };
		62A253B02B62E6FB00EB67C2 /* Date.swift in Sources */ = {isa = PBXBuildFile; fileRef = 62A253AF2B62E6FB00EB67C2 /* Date.swift */; };
		62A253B62B6436D000EB67C2 /* recordingListView.swift in Sources */ = {isa = PBXBuildFile; fileRef = 62A253B52B6436D000EB67C2 /* recordingListView.swift */; };
		62A253B82B64593F00EB67C2 /* HomeView.swift in Sources */ = {isa = PBXBuildFile; fileRef = 62A253B72B64593F00EB67C2 /* HomeView.swift */; };
		62F47AE82B9B942E00B29F24 /* ImageUtility.swift in Sources */ = {isa = PBXBuildFile; fileRef = 62F47AE72B9B942E00B29F24 /* ImageUtility.swift */; };
/* End PBXBuildFile section */

/* Begin PBXFileReference section */
		6217A29A2B5D8FCD004617D7 /* ARApplication.app */ = {isa = PBXFileReference; explicitFileType = wrapper.application; includeInIndex = 0; path = ARApplication.app; sourceTree = BUILT_PRODUCTS_DIR; };
		6217A29D2B5D8FCD004617D7 /* AppDelegate.swift */ = {isa = PBXFileReference; lastKnownFileType = sourcecode.swift; path = AppDelegate.swift; sourceTree = "<group>"; };
		6217A29F2B5D8FCD004617D7 /* ContentView.swift */ = {isa = PBXFileReference; lastKnownFileType = sourcecode.swift; path = ContentView.swift; sourceTree = "<group>"; };
		6217A2A12B5D8FCF004617D7 /* Assets.xcassets */ = {isa = PBXFileReference; lastKnownFileType = folder.assetcatalog; path = Assets.xcassets; sourceTree = "<group>"; };
		6217A2A42B5D8FCF004617D7 /* Preview Assets.xcassets */ = {isa = PBXFileReference; lastKnownFileType = folder.assetcatalog; path = "Preview Assets.xcassets"; sourceTree = "<group>"; };
		6221B8452B7F0A1B00604296 /* GoogleService-Info.plist */ = {isa = PBXFileReference; fileEncoding = 4; lastKnownFileType = text.plist.xml; path = "GoogleService-Info.plist"; sourceTree = "<group>"; };
		6221B87E2B7F11DE00604296 /* SignUp.swift */ = {isa = PBXFileReference; lastKnownFileType = sourcecode.swift; path = SignUp.swift; sourceTree = "<group>"; };
		6221B8812B7FE6E700604296 /* AuthenticationView.swift */ = {isa = PBXFileReference; lastKnownFileType = sourcecode.swift; path = AuthenticationView.swift; sourceTree = "<group>"; };
		6221B8832B7FEB6500604296 /* AuthenticationManager.swift */ = {isa = PBXFileReference; lastKnownFileType = sourcecode.swift; path = AuthenticationManager.swift; sourceTree = "<group>"; };
		6221B8852B87E9E200604296 /* SettingsView.swift */ = {isa = PBXFileReference; lastKnownFileType = sourcecode.swift; path = SettingsView.swift; sourceTree = "<group>"; };
		6221B8872B89308600604296 /* SignInWithEmailView.swift */ = {isa = PBXFileReference; lastKnownFileType = sourcecode.swift; path = SignInWithEmailView.swift; sourceTree = "<group>"; };
		627867382B7179A7006B1960 /* ImagePicker.swift */ = {isa = PBXFileReference; lastKnownFileType = sourcecode.swift; path = ImagePicker.swift; sourceTree = "<group>"; };
		627AC0F22B6AE6D40043AB35 /* MemoryModel.swift */ = {isa = PBXFileReference; lastKnownFileType = sourcecode.swift; path = MemoryModel.swift; sourceTree = "<group>"; };
		627AC0F72B6C37DC0043AB35 /* MemoryViewModel.swift */ = {isa = PBXFileReference; lastKnownFileType = sourcecode.swift; path = MemoryViewModel.swift; sourceTree = "<group>"; };
		627AC0F92B6C4A620043AB35 /* AudioManager.swift */ = {isa = PBXFileReference; lastKnownFileType = sourcecode.swift; path = AudioManager.swift; sourceTree = "<group>"; };
		62A253A82B62E4FE00EB67C2 /* CreateMemoriaView.swift */ = {isa = PBXFileReference; lastKnownFileType = sourcecode.swift; path = CreateMemoriaView.swift; sourceTree = "<group>"; };
		62A253AA2B62E50600EB67C2 /* RecordingModel.swift */ = {isa = PBXFileReference; lastKnownFileType = sourcecode.swift; path = RecordingModel.swift; sourceTree = "<group>"; };
		62A253AC2B62E51F00EB67C2 /* RecordingViewModel.swift */ = {isa = PBXFileReference; lastKnownFileType = sourcecode.swift; path = RecordingViewModel.swift; sourceTree = "<group>"; };
		62A253AF2B62E6FB00EB67C2 /* Date.swift */ = {isa = PBXFileReference; lastKnownFileType = sourcecode.swift; path = Date.swift; sourceTree = "<group>"; };
		62A253B52B6436D000EB67C2 /* recordingListView.swift */ = {isa = PBXFileReference; lastKnownFileType = sourcecode.swift; path = recordingListView.swift; sourceTree = "<group>"; };
		62A253B72B64593F00EB67C2 /* HomeView.swift */ = {isa = PBXFileReference; lastKnownFileType = sourcecode.swift; path = HomeView.swift; sourceTree = "<group>"; };
		62F47AE72B9B942E00B29F24 /* ImageUtility.swift */ = {isa = PBXFileReference; lastKnownFileType = sourcecode.swift; path = ImageUtility.swift; sourceTree = "<group>"; };
		62F47AEA2B9B95D500B29F24 /* PictureFrame.usdz */ = {isa = PBXFileReference; lastKnownFileType = file.usdz; path = PictureFrame.usdz; sourceTree = "<group>"; };
/* End PBXFileReference section */

/* Begin PBXFrameworksBuildPhase section */
		6217A2972B5D8FCD004617D7 /* Frameworks */ = {
			isa = PBXFrameworksBuildPhase;
			buildActionMask = 2147483647;
			files = (
				6221B85B2B7F0F4E00604296 /* FirebaseDatabase in Frameworks */,
				6221B8692B7F0F4E00604296 /* FirebaseFunctionsCombine-Community in Frameworks */,
				6221B8612B7F0F4E00604296 /* FirebaseFirestore in Frameworks */,
				6221B84D2B7F0F4E00604296 /* FirebaseAnalyticsSwift in Frameworks */,
				6221B8492B7F0F4E00604296 /* FirebaseAnalytics in Frameworks */,
				6221B84B2B7F0F4E00604296 /* FirebaseAnalyticsOnDeviceConversion in Frameworks */,
				6221B8712B7F0F4E00604296 /* FirebaseMLModelDownloader in Frameworks */,
				6221B8652B7F0F4E00604296 /* FirebaseFirestoreSwift in Frameworks */,
				6221B8512B7F0F4E00604296 /* FirebaseAppCheck in Frameworks */,
				6221B84F2B7F0F4E00604296 /* FirebaseAnalyticsWithoutAdIdSupport in Frameworks */,
				6221B8552B7F0F4E00604296 /* FirebaseAuth in Frameworks */,
				6221B8592B7F0F4E00604296 /* FirebaseCrashlytics in Frameworks */,
				6221B8792B7F0F4E00604296 /* FirebaseRemoteConfigSwift in Frameworks */,
				6221B86B2B7F0F4E00604296 /* FirebaseInAppMessaging-Beta in Frameworks */,
				6221B85D2B7F0F4E00604296 /* FirebaseDatabaseSwift in Frameworks */,
				6221B8672B7F0F4E00604296 /* FirebaseFunctions in Frameworks */,
				6221B87D2B7F0F4E00604296 /* FirebaseStorageCombine-Community in Frameworks */,
				6221B8772B7F0F4E00604296 /* FirebaseRemoteConfig in Frameworks */,
				6221B8532B7F0F4E00604296 /* FirebaseAppDistribution-Beta in Frameworks */,
				6221B8572B7F0F4E00604296 /* FirebaseAuthCombine-Community in Frameworks */,
				6221B8752B7F0F4E00604296 /* FirebasePerformance in Frameworks */,
				6221B86D2B7F0F4E00604296 /* FirebaseInAppMessagingSwift-Beta in Frameworks */,
				6221B87B2B7F0F4E00604296 /* FirebaseStorage in Frameworks */,
				6221B85F2B7F0F4E00604296 /* FirebaseDynamicLinks in Frameworks */,
				6221B8632B7F0F4E00604296 /* FirebaseFirestoreCombine-Community in Frameworks */,
				6221B8732B7F0F4E00604296 /* FirebaseMessaging in Frameworks */,
				6221B86F2B7F0F4E00604296 /* FirebaseInstallations in Frameworks */,
			);
			runOnlyForDeploymentPostprocessing = 0;
		};
/* End PBXFrameworksBuildPhase section */

/* Begin PBXGroup section */
		6217A2912B5D8FCD004617D7 = {
			isa = PBXGroup;
			children = (
				6221B8452B7F0A1B00604296 /* GoogleService-Info.plist */,
				627AC0F12B6ADA6D0043AB35 /* Screens */,
				6217A29C2B5D8FCD004617D7 /* ARApplication */,
				62A253AE2B62E6F100EB67C2 /* Extensions */,
				62A253A72B62DFB500EB67C2 /* ViewModels */,
				62A253A62B62DFAF00EB67C2 /* Models */,
				6217A29B2B5D8FCD004617D7 /* Products */,
			);
			sourceTree = "<group>";
		};
		6217A29B2B5D8FCD004617D7 /* Products */ = {
			isa = PBXGroup;
			children = (
				6217A29A2B5D8FCD004617D7 /* ARApplication.app */,
			);
			name = Products;
			sourceTree = "<group>";
		};
		6217A29C2B5D8FCD004617D7 /* ARApplication */ = {
			isa = PBXGroup;
			children = (
				6217A29D2B5D8FCD004617D7 /* AppDelegate.swift */,
				6217A2A32B5D8FCF004617D7 /* Preview Content */,
			);
			path = ARApplication;
			sourceTree = "<group>";
		};
		6217A2A32B5D8FCF004617D7 /* Preview Content */ = {
			isa = PBXGroup;
			children = (
				6217A2A42B5D8FCF004617D7 /* Preview Assets.xcassets */,
				6217A2A12B5D8FCF004617D7 /* Assets.xcassets */,
				62F47AEA2B9B95D500B29F24 /* PictureFrame.usdz */,
			);
			path = "Preview Content";
			sourceTree = "<group>";
		};
		6221B8802B7FE6CF00604296 /* Authentication */ = {
			isa = PBXGroup;
			children = (
				6221B87E2B7F11DE00604296 /* SignUp.swift */,
				6221B8812B7FE6E700604296 /* AuthenticationView.swift */,
				6221B8832B7FEB6500604296 /* AuthenticationManager.swift */,
				6221B8872B89308600604296 /* SignInWithEmailView.swift */,
			);
			path = Authentication;
			sourceTree = "<group>";
		};
		627AC0F12B6ADA6D0043AB35 /* Screens */ = {
			isa = PBXGroup;
			children = (
				6221B8802B7FE6CF00604296 /* Authentication */,
				6217A29F2B5D8FCD004617D7 /* ContentView.swift */,
				62A253A82B62E4FE00EB67C2 /* CreateMemoriaView.swift */,
				62A253B72B64593F00EB67C2 /* HomeView.swift */,
				62A253A52B62DFA600EB67C2 /* Views */,
			);
			path = Screens;
			sourceTree = "<group>";
		};
		62A253A52B62DFA600EB67C2 /* Views */ = {
			isa = PBXGroup;
			children = (
				62A253B52B6436D000EB67C2 /* recordingListView.swift */,
				627867382B7179A7006B1960 /* ImagePicker.swift */,
				6221B8852B87E9E200604296 /* SettingsView.swift */,
			);
			path = Views;
			sourceTree = "<group>";
		};
		62A253A62B62DFAF00EB67C2 /* Models */ = {
			isa = PBXGroup;
			children = (
				62A253AA2B62E50600EB67C2 /* RecordingModel.swift */,
				627AC0F22B6AE6D40043AB35 /* MemoryModel.swift */,
			);
			path = Models;
			sourceTree = "<group>";
		};
		62A253A72B62DFB500EB67C2 /* ViewModels */ = {
			isa = PBXGroup;
			children = (
				62A253AC2B62E51F00EB67C2 /* RecordingViewModel.swift */,
				627AC0F72B6C37DC0043AB35 /* MemoryViewModel.swift */,
				627AC0F92B6C4A620043AB35 /* AudioManager.swift */,
				62F47AE72B9B942E00B29F24 /* ImageUtility.swift */,
			);
			path = ViewModels;
			sourceTree = "<group>";
		};
		62A253AE2B62E6F100EB67C2 /* Extensions */ = {
			isa = PBXGroup;
			children = (
				62A253AF2B62E6FB00EB67C2 /* Date.swift */,
			);
			path = Extensions;
			sourceTree = "<group>";
		};
/* End PBXGroup section */

/* Begin PBXNativeTarget section */
		6217A2992B5D8FCD004617D7 /* ARApplication */ = {
			isa = PBXNativeTarget;
			buildConfigurationList = 6217A2A82B5D8FCF004617D7 /* Build configuration list for PBXNativeTarget "ARApplication" */;
			buildPhases = (
				6217A2962B5D8FCD004617D7 /* Sources */,
				6217A2972B5D8FCD004617D7 /* Frameworks */,
				6217A2982B5D8FCD004617D7 /* Resources */,
			);
			buildRules = (
			);
			dependencies = (
			);
			name = ARApplication;
			packageProductDependencies = (
				6221B8482B7F0F4E00604296 /* FirebaseAnalytics */,
				6221B84A2B7F0F4E00604296 /* FirebaseAnalyticsOnDeviceConversion */,
				6221B84C2B7F0F4E00604296 /* FirebaseAnalyticsSwift */,
				6221B84E2B7F0F4E00604296 /* FirebaseAnalyticsWithoutAdIdSupport */,
				6221B8502B7F0F4E00604296 /* FirebaseAppCheck */,
				6221B8522B7F0F4E00604296 /* FirebaseAppDistribution-Beta */,
				6221B8542B7F0F4E00604296 /* FirebaseAuth */,
				6221B8562B7F0F4E00604296 /* FirebaseAuthCombine-Community */,
				6221B8582B7F0F4E00604296 /* FirebaseCrashlytics */,
				6221B85A2B7F0F4E00604296 /* FirebaseDatabase */,
				6221B85C2B7F0F4E00604296 /* FirebaseDatabaseSwift */,
				6221B85E2B7F0F4E00604296 /* FirebaseDynamicLinks */,
				6221B8602B7F0F4E00604296 /* FirebaseFirestore */,
				6221B8622B7F0F4E00604296 /* FirebaseFirestoreCombine-Community */,
				6221B8642B7F0F4E00604296 /* FirebaseFirestoreSwift */,
				6221B8662B7F0F4E00604296 /* FirebaseFunctions */,
				6221B8682B7F0F4E00604296 /* FirebaseFunctionsCombine-Community */,
				6221B86A2B7F0F4E00604296 /* FirebaseInAppMessaging-Beta */,
				6221B86C2B7F0F4E00604296 /* FirebaseInAppMessagingSwift-Beta */,
				6221B86E2B7F0F4E00604296 /* FirebaseInstallations */,
				6221B8702B7F0F4E00604296 /* FirebaseMLModelDownloader */,
				6221B8722B7F0F4E00604296 /* FirebaseMessaging */,
				6221B8742B7F0F4E00604296 /* FirebasePerformance */,
				6221B8762B7F0F4E00604296 /* FirebaseRemoteConfig */,
				6221B8782B7F0F4E00604296 /* FirebaseRemoteConfigSwift */,
				6221B87A2B7F0F4E00604296 /* FirebaseStorage */,
				6221B87C2B7F0F4E00604296 /* FirebaseStorageCombine-Community */,
			);
			productName = ARApplication;
			productReference = 6217A29A2B5D8FCD004617D7 /* ARApplication.app */;
			productType = "com.apple.product-type.application";
		};
/* End PBXNativeTarget section */

/* Begin PBXProject section */
		6217A2922B5D8FCD004617D7 /* Project object */ = {
			isa = PBXProject;
			attributes = {
				BuildIndependentTargetsInParallel = 1;
				LastSwiftUpdateCheck = 1500;
				LastUpgradeCheck = 1500;
				TargetAttributes = {
					6217A2992B5D8FCD004617D7 = {
						CreatedOnToolsVersion = 15.0;
					};
				};
			};
			buildConfigurationList = 6217A2952B5D8FCD004617D7 /* Build configuration list for PBXProject "ARApplication" */;
			compatibilityVersion = "Xcode 14.0";
			developmentRegion = en;
			hasScannedForEncodings = 0;
			knownRegions = (
				en,
				Base,
			);
			mainGroup = 6217A2912B5D8FCD004617D7;
			packageReferences = (
				6221B8472B7F0F4E00604296 /* XCRemoteSwiftPackageReference "firebase-ios-sdk" */,
			);
			productRefGroup = 6217A29B2B5D8FCD004617D7 /* Products */;
			projectDirPath = "";
			projectRoot = "";
			targets = (
				6217A2992B5D8FCD004617D7 /* ARApplication */,
			);
		};
/* End PBXProject section */

/* Begin PBXResourcesBuildPhase section */
		6217A2982B5D8FCD004617D7 /* Resources */ = {
			isa = PBXResourcesBuildPhase;
			buildActionMask = 2147483647;
			files = (
				6217A2A52B5D8FCF004617D7 /* Preview Assets.xcassets in Resources */,
				6217A2A22B5D8FCF004617D7 /* Assets.xcassets in Resources */,
				6221B8462B7F0A1B00604296 /* GoogleService-Info.plist in Resources */,
			);
			runOnlyForDeploymentPostprocessing = 0;
		};
/* End PBXResourcesBuildPhase section */

/* Begin PBXSourcesBuildPhase section */
		6217A2962B5D8FCD004617D7 /* Sources */ = {
			isa = PBXSourcesBuildPhase;
			buildActionMask = 2147483647;
			files = (
				62A253B82B64593F00EB67C2 /* HomeView.swift in Sources */,
				6217A2A02B5D8FCD004617D7 /* ContentView.swift in Sources */,
				627AC0F32B6AE6D40043AB35 /* MemoryModel.swift in Sources */,
				6221B8862B87E9E200604296 /* SettingsView.swift in Sources */,
				627867392B7179A7006B1960 /* ImagePicker.swift in Sources */,
				62A253B02B62E6FB00EB67C2 /* Date.swift in Sources */,
				62A253B62B6436D000EB67C2 /* recordingListView.swift in Sources */,
				627AC0F82B6C37DC0043AB35 /* MemoryViewModel.swift in Sources */,
				6221B87F2B7F11DE00604296 /* SignUp.swift in Sources */,
				627AC0FA2B6C4A620043AB35 /* AudioManager.swift in Sources */,
				62A253AB2B62E50600EB67C2 /* RecordingModel.swift in Sources */,
				6221B8842B7FEB6500604296 /* AuthenticationManager.swift in Sources */,
				6217A29E2B5D8FCD004617D7 /* AppDelegate.swift in Sources */,
				62A253A92B62E4FE00EB67C2 /* CreateMemoriaView.swift in Sources */,
				62F47AE82B9B942E00B29F24 /* ImageUtility.swift in Sources */,
				6221B8822B7FE6E700604296 /* AuthenticationView.swift in Sources */,
				6221B8882B89308600604296 /* SignInWithEmailView.swift in Sources */,
				62A253AD2B62E51F00EB67C2 /* RecordingViewModel.swift in Sources */,
			);
			runOnlyForDeploymentPostprocessing = 0;
		};
/* End PBXSourcesBuildPhase section */

/* Begin XCBuildConfiguration section */
		6217A2A62B5D8FCF004617D7 /* Debug */ = {
			isa = XCBuildConfiguration;
			buildSettings = {
				ALWAYS_SEARCH_USER_PATHS = NO;
				ASSETCATALOG_COMPILER_GENERATE_SWIFT_ASSET_SYMBOL_EXTENSIONS = YES;
				CLANG_ANALYZER_NONNULL = YES;
				CLANG_ANALYZER_NUMBER_OBJECT_CONVERSION = YES_AGGRESSIVE;
				CLANG_CXX_LANGUAGE_STANDARD = "gnu++20";
				CLANG_ENABLE_MODULES = YES;
				CLANG_ENABLE_OBJC_ARC = YES;
				CLANG_ENABLE_OBJC_WEAK = YES;
				CLANG_WARN_BLOCK_CAPTURE_AUTORELEASING = YES;
				CLANG_WARN_BOOL_CONVERSION = YES;
				CLANG_WARN_COMMA = YES;
				CLANG_WARN_CONSTANT_CONVERSION = YES;
				CLANG_WARN_DEPRECATED_OBJC_IMPLEMENTATIONS = YES;
				CLANG_WARN_DIRECT_OBJC_ISA_USAGE = YES_ERROR;
				CLANG_WARN_DOCUMENTATION_COMMENTS = YES;
				CLANG_WARN_EMPTY_BODY = YES;
				CLANG_WARN_ENUM_CONVERSION = YES;
				CLANG_WARN_INFINITE_RECURSION = YES;
				CLANG_WARN_INT_CONVERSION = YES;
				CLANG_WARN_NON_LITERAL_NULL_CONVERSION = YES;
				CLANG_WARN_OBJC_IMPLICIT_RETAIN_SELF = YES;
				CLANG_WARN_OBJC_LITERAL_CONVERSION = YES;
				CLANG_WARN_OBJC_ROOT_CLASS = YES_ERROR;
				CLANG_WARN_QUOTED_INCLUDE_IN_FRAMEWORK_HEADER = YES;
				CLANG_WARN_RANGE_LOOP_ANALYSIS = YES;
				CLANG_WARN_STRICT_PROTOTYPES = YES;
				CLANG_WARN_SUSPICIOUS_MOVE = YES;
				CLANG_WARN_UNGUARDED_AVAILABILITY = YES_AGGRESSIVE;
				CLANG_WARN_UNREACHABLE_CODE = YES;
				CLANG_WARN__DUPLICATE_METHOD_MATCH = YES;
				COPY_PHASE_STRIP = NO;
				DEBUG_INFORMATION_FORMAT = dwarf;
				ENABLE_STRICT_OBJC_MSGSEND = YES;
				ENABLE_TESTABILITY = YES;
				ENABLE_USER_SCRIPT_SANDBOXING = YES;
				GCC_C_LANGUAGE_STANDARD = gnu17;
				GCC_DYNAMIC_NO_PIC = NO;
				GCC_NO_COMMON_BLOCKS = YES;
				GCC_OPTIMIZATION_LEVEL = 0;
				GCC_PREPROCESSOR_DEFINITIONS = (
					"DEBUG=1",
					"$(inherited)",
				);
				GCC_WARN_64_TO_32_BIT_CONVERSION = YES;
				GCC_WARN_ABOUT_RETURN_TYPE = YES_ERROR;
				GCC_WARN_UNDECLARED_SELECTOR = YES;
				GCC_WARN_UNINITIALIZED_AUTOS = YES_AGGRESSIVE;
				GCC_WARN_UNUSED_FUNCTION = YES;
				GCC_WARN_UNUSED_VARIABLE = YES;
				IPHONEOS_DEPLOYMENT_TARGET = 17.0;
				LOCALIZATION_PREFERS_STRING_CATALOGS = YES;
				MTL_ENABLE_DEBUG_INFO = INCLUDE_SOURCE;
				MTL_FAST_MATH = YES;
				ONLY_ACTIVE_ARCH = YES;
				SDKROOT = iphoneos;
				SWIFT_ACTIVE_COMPILATION_CONDITIONS = "DEBUG $(inherited)";
				SWIFT_OPTIMIZATION_LEVEL = "-Onone";
			};
			name = Debug;
		};
		6217A2A72B5D8FCF004617D7 /* Release */ = {
			isa = XCBuildConfiguration;
			buildSettings = {
				ALWAYS_SEARCH_USER_PATHS = NO;
				ASSETCATALOG_COMPILER_GENERATE_SWIFT_ASSET_SYMBOL_EXTENSIONS = YES;
				CLANG_ANALYZER_NONNULL = YES;
				CLANG_ANALYZER_NUMBER_OBJECT_CONVERSION = YES_AGGRESSIVE;
				CLANG_CXX_LANGUAGE_STANDARD = "gnu++20";
				CLANG_ENABLE_MODULES = YES;
				CLANG_ENABLE_OBJC_ARC = YES;
				CLANG_ENABLE_OBJC_WEAK = YES;
				CLANG_WARN_BLOCK_CAPTURE_AUTORELEASING = YES;
				CLANG_WARN_BOOL_CONVERSION = YES;
				CLANG_WARN_COMMA = YES;
				CLANG_WARN_CONSTANT_CONVERSION = YES;
				CLANG_WARN_DEPRECATED_OBJC_IMPLEMENTATIONS = YES;
				CLANG_WARN_DIRECT_OBJC_ISA_USAGE = YES_ERROR;
				CLANG_WARN_DOCUMENTATION_COMMENTS = YES;
				CLANG_WARN_EMPTY_BODY = YES;
				CLANG_WARN_ENUM_CONVERSION = YES;
				CLANG_WARN_INFINITE_RECURSION = YES;
				CLANG_WARN_INT_CONVERSION = YES;
				CLANG_WARN_NON_LITERAL_NULL_CONVERSION = YES;
				CLANG_WARN_OBJC_IMPLICIT_RETAIN_SELF = YES;
				CLANG_WARN_OBJC_LITERAL_CONVERSION = YES;
				CLANG_WARN_OBJC_ROOT_CLASS = YES_ERROR;
				CLANG_WARN_QUOTED_INCLUDE_IN_FRAMEWORK_HEADER = YES;
				CLANG_WARN_RANGE_LOOP_ANALYSIS = YES;
				CLANG_WARN_STRICT_PROTOTYPES = YES;
				CLANG_WARN_SUSPICIOUS_MOVE = YES;
				CLANG_WARN_UNGUARDED_AVAILABILITY = YES_AGGRESSIVE;
				CLANG_WARN_UNREACHABLE_CODE = YES;
				CLANG_WARN__DUPLICATE_METHOD_MATCH = YES;
				COPY_PHASE_STRIP = NO;
				DEBUG_INFORMATION_FORMAT = "dwarf-with-dsym";
				ENABLE_NS_ASSERTIONS = NO;
				ENABLE_STRICT_OBJC_MSGSEND = YES;
				ENABLE_USER_SCRIPT_SANDBOXING = YES;
				GCC_C_LANGUAGE_STANDARD = gnu17;
				GCC_NO_COMMON_BLOCKS = YES;
				GCC_WARN_64_TO_32_BIT_CONVERSION = YES;
				GCC_WARN_ABOUT_RETURN_TYPE = YES_ERROR;
				GCC_WARN_UNDECLARED_SELECTOR = YES;
				GCC_WARN_UNINITIALIZED_AUTOS = YES_AGGRESSIVE;
				GCC_WARN_UNUSED_FUNCTION = YES;
				GCC_WARN_UNUSED_VARIABLE = YES;
				IPHONEOS_DEPLOYMENT_TARGET = 17.0;
				LOCALIZATION_PREFERS_STRING_CATALOGS = YES;
				MTL_ENABLE_DEBUG_INFO = NO;
				MTL_FAST_MATH = YES;
				SDKROOT = iphoneos;
				SWIFT_COMPILATION_MODE = wholemodule;
				VALIDATE_PRODUCT = YES;
			};
			name = Release;
		};
		6217A2A92B5D8FCF004617D7 /* Debug */ = {
			isa = XCBuildConfiguration;
			buildSettings = {
				ASSETCATALOG_COMPILER_APPICON_NAME = AppIcon;
				ASSETCATALOG_COMPILER_GLOBAL_ACCENT_COLOR_NAME = AccentColor;
				CODE_SIGN_STYLE = Automatic;
				CURRENT_PROJECT_VERSION = 1;
				DEVELOPMENT_ASSET_PATHS = "\"ARApplication/Preview Content\"";
				DEVELOPMENT_TEAM = PBX6J6U58R;
				ENABLE_PREVIEWS = YES;
				GENERATE_INFOPLIST_FILE = YES;
				INFOPLIST_KEY_CFBundleDisplayName = MemoriaAR;
				INFOPLIST_KEY_NSCameraUsageDescription = "To use this application, we need access to your camera to enable the Augmented Reality experience";
				INFOPLIST_KEY_NSMicrophoneUsageDescription = "To use this application, we need access to your microphone so we can use the record voice message feature";
				INFOPLIST_KEY_UIApplicationSupportsIndirectInputEvents = YES;
				INFOPLIST_KEY_UILaunchScreen_Generation = YES;
				INFOPLIST_KEY_UIRequiredDeviceCapabilities = arkit;
				INFOPLIST_KEY_UIStatusBarHidden = YES;
				INFOPLIST_KEY_UISupportedInterfaceOrientations_iPad = "UIInterfaceOrientationPortrait UIInterfaceOrientationPortraitUpsideDown UIInterfaceOrientationLandscapeLeft UIInterfaceOrientationLandscapeRight";
				INFOPLIST_KEY_UISupportedInterfaceOrientations_iPhone = "UIInterfaceOrientationPortrait UIInterfaceOrientationLandscapeLeft UIInterfaceOrientationLandscapeRight";
				IPHONEOS_DEPLOYMENT_TARGET = 17.0;
				LD_RUNPATH_SEARCH_PATHS = (
					"$(inherited)",
					"@executable_path/Frameworks",
				);
				MARKETING_VERSION = 0.1.1;
				PRODUCT_BUNDLE_IDENTIFIER = com.SoftwareInvaders.Memoria;
				PRODUCT_NAME = "$(TARGET_NAME)";
				SUPPORTED_PLATFORMS = "iphoneos iphonesimulator xros xrsimulator";
				SUPPORTS_MACCATALYST = NO;
				SUPPORTS_MAC_DESIGNED_FOR_IPHONE_IPAD = NO;
				SUPPORTS_XR_DESIGNED_FOR_IPHONE_IPAD = NO;
				SWIFT_EMIT_LOC_STRINGS = YES;
				SWIFT_VERSION = 5.0;
				TARGETED_DEVICE_FAMILY = "1,2,7";
			};
			name = Debug;
		};
		6217A2AA2B5D8FCF004617D7 /* Release */ = {
			isa = XCBuildConfiguration;
			buildSettings = {
				ASSETCATALOG_COMPILER_APPICON_NAME = AppIcon;
				ASSETCATALOG_COMPILER_GLOBAL_ACCENT_COLOR_NAME = AccentColor;
				CODE_SIGN_STYLE = Automatic;
				CURRENT_PROJECT_VERSION = 1;
				DEVELOPMENT_ASSET_PATHS = "\"ARApplication/Preview Content\"";
				DEVELOPMENT_TEAM = PBX6J6U58R;
				ENABLE_PREVIEWS = YES;
				GENERATE_INFOPLIST_FILE = YES;
				INFOPLIST_KEY_CFBundleDisplayName = MemoriaAR;
				INFOPLIST_KEY_NSCameraUsageDescription = "To use this application, we need access to your camera to enable the Augmented Reality experience";
				INFOPLIST_KEY_NSMicrophoneUsageDescription = "To use this application, we need access to your microphone so we can use the record voice message feature";
				INFOPLIST_KEY_UIApplicationSupportsIndirectInputEvents = YES;
				INFOPLIST_KEY_UILaunchScreen_Generation = YES;
				INFOPLIST_KEY_UIRequiredDeviceCapabilities = arkit;
				INFOPLIST_KEY_UIStatusBarHidden = YES;
				INFOPLIST_KEY_UISupportedInterfaceOrientations_iPad = "UIInterfaceOrientationPortrait UIInterfaceOrientationPortraitUpsideDown UIInterfaceOrientationLandscapeLeft UIInterfaceOrientationLandscapeRight";
				INFOPLIST_KEY_UISupportedInterfaceOrientations_iPhone = "UIInterfaceOrientationPortrait UIInterfaceOrientationLandscapeLeft UIInterfaceOrientationLandscapeRight";
				IPHONEOS_DEPLOYMENT_TARGET = 17.0;
				LD_RUNPATH_SEARCH_PATHS = (
					"$(inherited)",
					"@executable_path/Frameworks",
				);
				MARKETING_VERSION = 0.1.1;
				PRODUCT_BUNDLE_IDENTIFIER = com.SoftwareInvaders.Memoria;
				PRODUCT_NAME = "$(TARGET_NAME)";
				SUPPORTED_PLATFORMS = "iphoneos iphonesimulator xros xrsimulator";
				SUPPORTS_MACCATALYST = NO;
				SUPPORTS_MAC_DESIGNED_FOR_IPHONE_IPAD = NO;
				SUPPORTS_XR_DESIGNED_FOR_IPHONE_IPAD = NO;
				SWIFT_EMIT_LOC_STRINGS = YES;
				SWIFT_VERSION = 5.0;
				TARGETED_DEVICE_FAMILY = "1,2,7";
			};
			name = Release;
		};
/* End XCBuildConfiguration section */

/* Begin XCConfigurationList section */
		6217A2952B5D8FCD004617D7 /* Build configuration list for PBXProject "ARApplication" */ = {
			isa = XCConfigurationList;
			buildConfigurations = (
				6217A2A62B5D8FCF004617D7 /* Debug */,
				6217A2A72B5D8FCF004617D7 /* Release */,
			);
			defaultConfigurationIsVisible = 0;
			defaultConfigurationName = Release;
		};
		6217A2A82B5D8FCF004617D7 /* Build configuration list for PBXNativeTarget "ARApplication" */ = {
			isa = XCConfigurationList;
			buildConfigurations = (
				6217A2A92B5D8FCF004617D7 /* Debug */,
				6217A2AA2B5D8FCF004617D7 /* Release */,
			);
			defaultConfigurationIsVisible = 0;
			defaultConfigurationName = Release;
		};
/* End XCConfigurationList section */

/* Begin XCRemoteSwiftPackageReference section */
		6221B8472B7F0F4E00604296 /* XCRemoteSwiftPackageReference "firebase-ios-sdk" */ = {
			isa = XCRemoteSwiftPackageReference;
			repositoryURL = "https://github.com/firebase/firebase-ios-sdk";
			requirement = {
				kind = upToNextMajorVersion;
				minimumVersion = 10.21.0;
			};
		};
/* End XCRemoteSwiftPackageReference section */

/* Begin XCSwiftPackageProductDependency section */
		6221B8482B7F0F4E00604296 /* FirebaseAnalytics */ = {
			isa = XCSwiftPackageProductDependency;
			package = 6221B8472B7F0F4E00604296 /* XCRemoteSwiftPackageReference "firebase-ios-sdk" */;
			productName = FirebaseAnalytics;
		};
		6221B84A2B7F0F4E00604296 /* FirebaseAnalyticsOnDeviceConversion */ = {
			isa = XCSwiftPackageProductDependency;
			package = 6221B8472B7F0F4E00604296 /* XCRemoteSwiftPackageReference "firebase-ios-sdk" */;
			productName = FirebaseAnalyticsOnDeviceConversion;
		};
		6221B84C2B7F0F4E00604296 /* FirebaseAnalyticsSwift */ = {
			isa = XCSwiftPackageProductDependency;
			package = 6221B8472B7F0F4E00604296 /* XCRemoteSwiftPackageReference "firebase-ios-sdk" */;
			productName = FirebaseAnalyticsSwift;
		};
		6221B84E2B7F0F4E00604296 /* FirebaseAnalyticsWithoutAdIdSupport */ = {
			isa = XCSwiftPackageProductDependency;
			package = 6221B8472B7F0F4E00604296 /* XCRemoteSwiftPackageReference "firebase-ios-sdk" */;
			productName = FirebaseAnalyticsWithoutAdIdSupport;
		};
		6221B8502B7F0F4E00604296 /* FirebaseAppCheck */ = {
			isa = XCSwiftPackageProductDependency;
			package = 6221B8472B7F0F4E00604296 /* XCRemoteSwiftPackageReference "firebase-ios-sdk" */;
			productName = FirebaseAppCheck;
		};
		6221B8522B7F0F4E00604296 /* FirebaseAppDistribution-Beta */ = {
			isa = XCSwiftPackageProductDependency;
			package = 6221B8472B7F0F4E00604296 /* XCRemoteSwiftPackageReference "firebase-ios-sdk" */;
			productName = "FirebaseAppDistribution-Beta";
		};
		6221B8542B7F0F4E00604296 /* FirebaseAuth */ = {
			isa = XCSwiftPackageProductDependency;
			package = 6221B8472B7F0F4E00604296 /* XCRemoteSwiftPackageReference "firebase-ios-sdk" */;
			productName = FirebaseAuth;
		};
		6221B8562B7F0F4E00604296 /* FirebaseAuthCombine-Community */ = {
			isa = XCSwiftPackageProductDependency;
			package = 6221B8472B7F0F4E00604296 /* XCRemoteSwiftPackageReference "firebase-ios-sdk" */;
			productName = "FirebaseAuthCombine-Community";
		};
		6221B8582B7F0F4E00604296 /* FirebaseCrashlytics */ = {
			isa = XCSwiftPackageProductDependency;
			package = 6221B8472B7F0F4E00604296 /* XCRemoteSwiftPackageReference "firebase-ios-sdk" */;
			productName = FirebaseCrashlytics;
		};
		6221B85A2B7F0F4E00604296 /* FirebaseDatabase */ = {
			isa = XCSwiftPackageProductDependency;
			package = 6221B8472B7F0F4E00604296 /* XCRemoteSwiftPackageReference "firebase-ios-sdk" */;
			productName = FirebaseDatabase;
		};
		6221B85C2B7F0F4E00604296 /* FirebaseDatabaseSwift */ = {
			isa = XCSwiftPackageProductDependency;
			package = 6221B8472B7F0F4E00604296 /* XCRemoteSwiftPackageReference "firebase-ios-sdk" */;
			productName = FirebaseDatabaseSwift;
		};
		6221B85E2B7F0F4E00604296 /* FirebaseDynamicLinks */ = {
			isa = XCSwiftPackageProductDependency;
			package = 6221B8472B7F0F4E00604296 /* XCRemoteSwiftPackageReference "firebase-ios-sdk" */;
			productName = FirebaseDynamicLinks;
		};
		6221B8602B7F0F4E00604296 /* FirebaseFirestore */ = {
			isa = XCSwiftPackageProductDependency;
			package = 6221B8472B7F0F4E00604296 /* XCRemoteSwiftPackageReference "firebase-ios-sdk" */;
			productName = FirebaseFirestore;
		};
		6221B8622B7F0F4E00604296 /* FirebaseFirestoreCombine-Community */ = {
			isa = XCSwiftPackageProductDependency;
			package = 6221B8472B7F0F4E00604296 /* XCRemoteSwiftPackageReference "firebase-ios-sdk" */;
			productName = "FirebaseFirestoreCombine-Community";
		};
		6221B8642B7F0F4E00604296 /* FirebaseFirestoreSwift */ = {
			isa = XCSwiftPackageProductDependency;
			package = 6221B8472B7F0F4E00604296 /* XCRemoteSwiftPackageReference "firebase-ios-sdk" */;
			productName = FirebaseFirestoreSwift;
		};
		6221B8662B7F0F4E00604296 /* FirebaseFunctions */ = {
			isa = XCSwiftPackageProductDependency;
			package = 6221B8472B7F0F4E00604296 /* XCRemoteSwiftPackageReference "firebase-ios-sdk" */;
			productName = FirebaseFunctions;
		};
		6221B8682B7F0F4E00604296 /* FirebaseFunctionsCombine-Community */ = {
			isa = XCSwiftPackageProductDependency;
			package = 6221B8472B7F0F4E00604296 /* XCRemoteSwiftPackageReference "firebase-ios-sdk" */;
			productName = "FirebaseFunctionsCombine-Community";
		};
		6221B86A2B7F0F4E00604296 /* FirebaseInAppMessaging-Beta */ = {
			isa = XCSwiftPackageProductDependency;
			package = 6221B8472B7F0F4E00604296 /* XCRemoteSwiftPackageReference "firebase-ios-sdk" */;
			productName = "FirebaseInAppMessaging-Beta";
		};
		6221B86C2B7F0F4E00604296 /* FirebaseInAppMessagingSwift-Beta */ = {
			isa = XCSwiftPackageProductDependency;
			package = 6221B8472B7F0F4E00604296 /* XCRemoteSwiftPackageReference "firebase-ios-sdk" */;
			productName = "FirebaseInAppMessagingSwift-Beta";
		};
		6221B86E2B7F0F4E00604296 /* FirebaseInstallations */ = {
			isa = XCSwiftPackageProductDependency;
			package = 6221B8472B7F0F4E00604296 /* XCRemoteSwiftPackageReference "firebase-ios-sdk" */;
			productName = FirebaseInstallations;
		};
		6221B8702B7F0F4E00604296 /* FirebaseMLModelDownloader */ = {
			isa = XCSwiftPackageProductDependency;
			package = 6221B8472B7F0F4E00604296 /* XCRemoteSwiftPackageReference "firebase-ios-sdk" */;
			productName = FirebaseMLModelDownloader;
		};
		6221B8722B7F0F4E00604296 /* FirebaseMessaging */ = {
			isa = XCSwiftPackageProductDependency;
			package = 6221B8472B7F0F4E00604296 /* XCRemoteSwiftPackageReference "firebase-ios-sdk" */;
			productName = FirebaseMessaging;
		};
		6221B8742B7F0F4E00604296 /* FirebasePerformance */ = {
			isa = XCSwiftPackageProductDependency;
			package = 6221B8472B7F0F4E00604296 /* XCRemoteSwiftPackageReference "firebase-ios-sdk" */;
			productName = FirebasePerformance;
		};
		6221B8762B7F0F4E00604296 /* FirebaseRemoteConfig */ = {
			isa = XCSwiftPackageProductDependency;
			package = 6221B8472B7F0F4E00604296 /* XCRemoteSwiftPackageReference "firebase-ios-sdk" */;
			productName = FirebaseRemoteConfig;
		};
		6221B8782B7F0F4E00604296 /* FirebaseRemoteConfigSwift */ = {
			isa = XCSwiftPackageProductDependency;
			package = 6221B8472B7F0F4E00604296 /* XCRemoteSwiftPackageReference "firebase-ios-sdk" */;
			productName = FirebaseRemoteConfigSwift;
		};
		6221B87A2B7F0F4E00604296 /* FirebaseStorage */ = {
			isa = XCSwiftPackageProductDependency;
			package = 6221B8472B7F0F4E00604296 /* XCRemoteSwiftPackageReference "firebase-ios-sdk" */;
			productName = FirebaseStorage;
		};
		6221B87C2B7F0F4E00604296 /* FirebaseStorageCombine-Community */ = {
			isa = XCSwiftPackageProductDependency;
			package = 6221B8472B7F0F4E00604296 /* XCRemoteSwiftPackageReference "firebase-ios-sdk" */;
			productName = "FirebaseStorageCombine-Community";
		};
/* End XCSwiftPackageProductDependency section */
	};
	rootObject = 6217A2922B5D8FCD004617D7 /* Project object */;
}
